
Microsoft Visual Studio Solution File, Format Version 12.00
# Visual Studio 14
VisualStudioVersion = 14.0.23107.0
MinimumVisualStudioVersion = 10.0.40219.1
Project("{2150E333-8FDC-42A3-9474-1A3956D46DE8}") = "Core", "Core", "{6311F217-32B6-4F21-8AC9-0F02363EDDA3}"
EndProject
Project("{2150E333-8FDC-42A3-9474-1A3956D46DE8}") = "WebSite", "WebSite", "{7F9398C6-27A5-4DE1-83AE-1BBB60377FD6}"
EndProject
Project("{2150E333-8FDC-42A3-9474-1A3956D46DE8}") = "Client", "Client", "{D7253E6C-B1D3-4990-978F-63DFEB6037D0}"
EndProject
Project("{FAE04EC0-301F-11D3-BF4B-00C04F79EFBC}") = "Erp.Cms", "Erp.Cms\Erp.Cms.csproj", "{CA6C1DE4-12AA-491C-BC12-88BB676C6BB1}"
EndProject
Project("{FAE04EC0-301F-11D3-BF4B-00C04F79EFBC}") = "Erp.Tools", "Erp.Tools\Erp.Tools.csproj", "{66249A56-AA58-496B-8866-A1BFB74E1713}"
EndProject
Project("{FAE04EC0-301F-11D3-BF4B-00C04F79EFBC}") = "Erp.Eam", "Erp.Eam\Erp.Eam.csproj", "{20218ABD-C81E-4193-B541-35DA8FFC10C9}"
EndProject
Project("{FAE04EC0-301F-11D3-BF4B-00C04F79EFBC}") = "TAF.Utility", "..\..\WorkStation\TAF\TAF.Utility\TAF.Utility.csproj", "{6AB3C277-A165-4327-B0FD-2C131DFB9A9D}"
EndProject
Project("{FAE04EC0-301F-11D3-BF4B-00C04F79EFBC}") = "TAF.Business", "..\..\WorkStation\TAF\TAF.Business\TAF.Business.csproj", "{F264ABB3-3D0F-4D27-BC98-59D177BAEAFD}"
EndProject
Project("{FAE04EC0-301F-11D3-BF4B-00C04F79EFBC}") = "Erp.Printer", "Erp.Printer\Erp.Printer.csproj", "{D645952C-26F7-41F3-9C98-0EA0FCD41190}"
EndProject
Global
	GlobalSection(SolutionConfigurationPlatforms) = preSolution
		Debug|Any CPU = Debug|Any CPU
		Release|Any CPU = Release|Any CPU
	EndGlobalSection
	GlobalSection(ProjectConfigurationPlatforms) = postSolution
		{CA6C1DE4-12AA-491C-BC12-88BB676C6BB1}.Debug|Any CPU.ActiveCfg = Debug|Any CPU
		{CA6C1DE4-12AA-491C-BC12-88BB676C6BB1}.Debug|Any CPU.Build.0 = Debug|Any CPU
		{CA6C1DE4-12AA-491C-BC12-88BB676C6BB1}.Release|Any CPU.ActiveCfg = Release|Any CPU
		{CA6C1DE4-12AA-491C-BC12-88BB676C6BB1}.Release|Any CPU.Build.0 = Release|Any CPU
		{66249A56-AA58-496B-8866-A1BFB74E1713}.Debug|Any CPU.ActiveCfg = Debug|Any CPU
		{66249A56-AA58-496B-8866-A1BFB74E1713}.Debug|Any CPU.Build.0 = Debug|Any CPU
		{66249A56-AA58-496B-8866-A1BFB74E1713}.Release|Any CPU.ActiveCfg = Release|Any CPU
		{66249A56-AA58-496B-8866-A1BFB74E1713}.Release|Any CPU.Build.0 = Release|Any CPU
		{20218ABD-C81E-4193-B541-35DA8FFC10C9}.Debug|Any CPU.ActiveCfg = Debug|Any CPU
		{20218ABD-C81E-4193-B541-35DA8FFC10C9}.Debug|Any CPU.Build.0 = Debug|Any CPU
		{20218ABD-C81E-4193-B541-35DA8FFC10C9}.Release|Any CPU.ActiveCfg = Release|Any CPU
		{20218ABD-C81E-4193-B541-35DA8FFC10C9}.Release|Any CPU.Build.0 = Release|Any CPU
		{6AB3C277-A165-4327-B0FD-2C131DFB9A9D}.Debug|Any CPU.ActiveCfg = Debug|Any CPU
		{6AB3C277-A165-4327-B0FD-2C131DFB9A9D}.Debug|Any CPU.Build.0 = Debug|Any CPU
		{6AB3C277-A165-4327-B0FD-2C131DFB9A9D}.Release|Any CPU.ActiveCfg = Release|Any CPU
		{6AB3C277-A165-4327-B0FD-2C131DFB9A9D}.Release|Any CPU.Build.0 = Release|Any CPU
		{F264ABB3-3D0F-4D27-BC98-59D177BAEAFD}.Debug|Any CPU.ActiveCfg = Debug|Any CPU
		{F264ABB3-3D0F-4D27-BC98-59D177BAEAFD}.Debug|Any CPU.Build.0 = Debug|Any CPU
		{F264ABB3-3D0F-4D27-BC98-59D177BAEAFD}.Release|Any CPU.ActiveCfg = Release|Any CPU
		{F264ABB3-3D0F-4D27-BC98-59D177BAEAFD}.Release|Any CPU.Build.0 = Release|Any CPU
		{D645952C-26F7-41F3-9C98-0EA0FCD41190}.Debug|Any CPU.ActiveCfg = Debug|Any CPU
		{D645952C-26F7-41F3-9C98-0EA0FCD41190}.Debug|Any CPU.Build.0 = Debug|Any CPU
		{D645952C-26F7-41F3-9C98-0EA0FCD41190}.Release|Any CPU.ActiveCfg = Release|Any CPU
		{D645952C-26F7-41F3-9C98-0EA0FCD41190}.Release|Any CPU.Build.0 = Release|Any CPU
	EndGlobalSection
	GlobalSection(SolutionProperties) = preSolution
		HideSolutionNode = FALSE
	EndGlobalSection
	GlobalSection(NestedProjects) = preSolution
		{CA6C1DE4-12AA-491C-BC12-88BB676C6BB1} = {7F9398C6-27A5-4DE1-83AE-1BBB60377FD6}
		{66249A56-AA58-496B-8866-A1BFB74E1713} = {D7253E6C-B1D3-4990-978F-63DFEB6037D0}
		{20218ABD-C81E-4193-B541-35DA8FFC10C9} = {7F9398C6-27A5-4DE1-83AE-1BBB60377FD6}
		{6AB3C277-A165-4327-B0FD-2C131DFB9A9D} = {6311F217-32B6-4F21-8AC9-0F02363EDDA3}
		{F264ABB3-3D0F-4D27-BC98-59D177BAEAFD} = {6311F217-32B6-4F21-8AC9-0F02363EDDA3}
		{D645952C-26F7-41F3-9C98-0EA0FCD41190} = {D7253E6C-B1D3-4990-978F-63DFEB6037D0}
	EndGlobalSection
EndGlobal
